# THIS IS AN AUTOGENERATED FILE. DO NOT EDIT THIS FILE DIRECTLY.
# yarn lockfile v1


"@types/acorn@^4.0.3":
  version "4.0.5"
  resolved "https://registry.yarnpkg.com/@types/acorn/-/acorn-4.0.5.tgz#e29fdf884695e77be4e99e67d748f5147255752d"
  integrity sha512-603sPiZ4GVRHPvn6vNgEAvJewKsy+zwRWYS2MeIMemgoAtcjlw2G3lALxrb9OPA17J28bkB71R33yXlQbUatCA==
  dependencies:
    "@types/estree" "*"

"@types/estree@*":
  version "0.0.47"
  resolved "https://registry.yarnpkg.com/@types/estree/-/estree-0.0.47.tgz#d7a51db20f0650efec24cd04994f523d93172ed4"
  integrity sha512-c5ciR06jK8u9BstrmJyO97m+klJrrhCf9u3rLu3DEAJBirxRqSCvDQoYKmxuYwQI5SZChAWu+tq9oVlGRuzPAg==

acorn-walk@6.1.0:
  version "6.1.0"
  resolved "https://registry.yarnpkg.com/acorn-walk/-/acorn-walk-6.1.0.tgz#c957f4a1460da46af4a0388ce28b4c99355b0cbc"
  integrity sha512-ugTb7Lq7u4GfWSqqpwE0bGyoBZNMTok/zDBXxfEG0QM50jNlGhIWjRC1pPN7bvV1anhF+bs+/gNcRw+o55Evbg==

acorn@6.0.2:
  version "6.0.2"
  resolved "https://registry.yarnpkg.com/acorn/-/acorn-6.0.2.tgz#6a459041c320ab17592c6317abbfdf4bbaa98ca4"
  integrity sha512-GXmKIvbrN3TV7aVqAzVFaMW8F8wzVX7voEBRO3bDA64+EX37YSayggRJP5Xig6HYHBkWKpFg9W5gg6orklubhg==
